{
  "name": "live",
  "version": "1.0.0",
  "lockfileVersion": 1,
  "requires": true,
  "dependencies": {
    "systemjs": {
      "version": "2.0.2",
      "resolved": "https://registry.npmjs.org/systemjs/-/systemjs-2.0.2.tgz",
      "integrity": "sha512-uNsbj+2RMKwrg/zxdqjBpb8JtksBrucQcLo6h/ZG0SCmLgLG1QVX0Al6b8YPz+lC+AsPs/hARf9DCXBdPXu31g=="
    }
  }
}
